
Microsoft Visual Studio Solution File, Format Version 12.00
# Visual Studio 14
VisualStudioVersion = 14.0.25420.1
MinimumVisualStudioVersion = 10.0.40219.1
Project("{FAE04EC0-301F-11D3-BF4B-00C04F79EFBC}") = "TI.CONDOMINIO.WEB.UI", "TI.CONDOMINIO.WEB.UI\TI.CONDOMINIO.WEB.UI.csproj", "{C32106AC-861D-46B4-8363-8FA4C662A5E7}"
EndProject
Project("{FAE04EC0-301F-11D3-BF4B-00C04F79EFBC}") = "TI.CONDOMINIO.WEBSITE.UI", "TI.CONDOMINIO.WEBSITE.UI\TI.CONDOMINIO.WEBSITE.UI.csproj", "{45AC8E4E-60BC-4518-8416-0497CB85FE54}"
EndProject
Project("{FAE04EC0-301F-11D3-BF4B-00C04F79EFBC}") = "TI.CONDOMINIO.ADM.UI", "TI.CONDOMINIO.ADM.UI\TI.CONDOMINIO.ADM.UI.csproj", "{E52258DE-0164-4B4B-84FC-595DE993016E}"
EndProject
Project("{FAE04EC0-301F-11D3-BF4B-00C04F79EFBC}") = "TI.REGRA.NEGOCIOS", "TI.REGRA.NEGOCIOS\TI.REGRA.NEGOCIOS.csproj", "{6CD95D07-ED56-4023-BE51-EA70545206AA}"
EndProject
Project("{FAE04EC0-301F-11D3-BF4B-00C04F79EFBC}") = "TI.OBJETO.TRANSFERENCIA", "TI.OBJETO.TRANSFERENCIA\TI.OBJETO.TRANSFERENCIA.csproj", "{874E1509-F4C4-480F-8B83-2AB59C3B6028}"
EndProject
Project("{FAE04EC0-301F-11D3-BF4B-00C04F79EFBC}") = "TI.ACESSO.DADOS", "TI.ACESSO.DADOS\TI.ACESSO.DADOS.csproj", "{03A6A297-B914-45A3-B102-0BB8CAD09F59}"
EndProject
Project("{FAE04EC0-301F-11D3-BF4B-00C04F79EFBC}") = "TI.CONDOMINIO.TRANSPARENCIA.UI", "TI.CONDOMINIO.TRANSPARENCIA.UI\TI.CONDOMINIO.TRANSPARENCIA.UI.csproj", "{E36E0D22-A459-41A3-8040-3F054CC41F20}"
EndProject
Project("{FAE04EC0-301F-11D3-BF4B-00C04F79EFBC}") = "TI.CONDOMINIO.AGENDAMENTOS", "TI.CONDOMINIO.AGENDAMENTOS\TI.CONDOMINIO.AGENDAMENTOS.csproj", "{26EB3222-08D9-49E2-B6A5-536B1625B1FB}"
EndProject
Global
	GlobalSection(SolutionConfigurationPlatforms) = preSolution
		Debug|Any CPU = Debug|Any CPU
		Release|Any CPU = Release|Any CPU
	EndGlobalSection
	GlobalSection(ProjectConfigurationPlatforms) = postSolution
		{C32106AC-861D-46B4-8363-8FA4C662A5E7}.Debug|Any CPU.ActiveCfg = Debug|Any CPU
		{C32106AC-861D-46B4-8363-8FA4C662A5E7}.Debug|Any CPU.Build.0 = Debug|Any CPU
		{C32106AC-861D-46B4-8363-8FA4C662A5E7}.Release|Any CPU.ActiveCfg = Release|Any CPU
		{C32106AC-861D-46B4-8363-8FA4C662A5E7}.Release|Any CPU.Build.0 = Release|Any CPU
		{45AC8E4E-60BC-4518-8416-0497CB85FE54}.Debug|Any CPU.ActiveCfg = Debug|Any CPU
		{45AC8E4E-60BC-4518-8416-0497CB85FE54}.Debug|Any CPU.Build.0 = Debug|Any CPU
		{45AC8E4E-60BC-4518-8416-0497CB85FE54}.Release|Any CPU.ActiveCfg = Release|Any CPU
		{45AC8E4E-60BC-4518-8416-0497CB85FE54}.Release|Any CPU.Build.0 = Release|Any CPU
		{E52258DE-0164-4B4B-84FC-595DE993016E}.Debug|Any CPU.ActiveCfg = Debug|Any CPU
		{E52258DE-0164-4B4B-84FC-595DE993016E}.Debug|Any CPU.Build.0 = Debug|Any CPU
		{E52258DE-0164-4B4B-84FC-595DE993016E}.Release|Any CPU.ActiveCfg = Release|Any CPU
		{E52258DE-0164-4B4B-84FC-595DE993016E}.Release|Any CPU.Build.0 = Release|Any CPU
		{6CD95D07-ED56-4023-BE51-EA70545206AA}.Debug|Any CPU.ActiveCfg = Debug|Any CPU
		{6CD95D07-ED56-4023-BE51-EA70545206AA}.Debug|Any CPU.Build.0 = Debug|Any CPU
		{6CD95D07-ED56-4023-BE51-EA70545206AA}.Release|Any CPU.ActiveCfg = Release|Any CPU
		{6CD95D07-ED56-4023-BE51-EA70545206AA}.Release|Any CPU.Build.0 = Release|Any CPU
		{874E1509-F4C4-480F-8B83-2AB59C3B6028}.Debug|Any CPU.ActiveCfg = Debug|Any CPU
		{874E1509-F4C4-480F-8B83-2AB59C3B6028}.Debug|Any CPU.Build.0 = Debug|Any CPU
		{874E1509-F4C4-480F-8B83-2AB59C3B6028}.Release|Any CPU.ActiveCfg = Release|Any CPU
		{874E1509-F4C4-480F-8B83-2AB59C3B6028}.Release|Any CPU.Build.0 = Release|Any CPU
		{03A6A297-B914-45A3-B102-0BB8CAD09F59}.Debug|Any CPU.ActiveCfg = Debug|Any CPU
		{03A6A297-B914-45A3-B102-0BB8CAD09F59}.Debug|Any CPU.Build.0 = Debug|Any CPU
		{03A6A297-B914-45A3-B102-0BB8CAD09F59}.Release|Any CPU.ActiveCfg = Release|Any CPU
		{03A6A297-B914-45A3-B102-0BB8CAD09F59}.Release|Any CPU.Build.0 = Release|Any CPU
		{E36E0D22-A459-41A3-8040-3F054CC41F20}.Debug|Any CPU.ActiveCfg = Debug|Any CPU
		{E36E0D22-A459-41A3-8040-3F054CC41F20}.Debug|Any CPU.Build.0 = Debug|Any CPU
		{E36E0D22-A459-41A3-8040-3F054CC41F20}.Release|Any CPU.ActiveCfg = Release|Any CPU
		{E36E0D22-A459-41A3-8040-3F054CC41F20}.Release|Any CPU.Build.0 = Release|Any CPU
		{26EB3222-08D9-49E2-B6A5-536B1625B1FB}.Debug|Any CPU.ActiveCfg = Debug|Any CPU
		{26EB3222-08D9-49E2-B6A5-536B1625B1FB}.Debug|Any CPU.Build.0 = Debug|Any CPU
		{26EB3222-08D9-49E2-B6A5-536B1625B1FB}.Release|Any CPU.ActiveCfg = Release|Any CPU
		{26EB3222-08D9-49E2-B6A5-536B1625B1FB}.Release|Any CPU.Build.0 = Release|Any CPU
	EndGlobalSection
	GlobalSection(SolutionProperties) = preSolution
		HideSolutionNode = FALSE
	EndGlobalSection
EndGlobal
